// !$*UTF8*$!
{
	archiveVersion = 1;
	classes = {
	};
	objectVersion = 46;
	objects = {

/* Begin PBXBuildFile section */
		1FD7830C16113A5500E298F9 /* waffle.h in Headers */ = {isa = PBXBuildFile; fileRef = 1FD7821A16113A5500E298F9 /* waffle.h */; };
		1FD7830D16113A5500E298F9 /* waffle_attrib_list.h in Headers */ = {isa = PBXBuildFile; fileRef = 1FD7821B16113A5500E298F9 /* waffle_attrib_list.h */; };
		1FD7830E16113A5500E298F9 /* waffle_config.h in Headers */ = {isa = PBXBuildFile; fileRef = 1FD7821C16113A5500E298F9 /* waffle_config.h */; };
		1FD7830F16113A5500E298F9 /* waffle_context.h in Headers */ = {isa = PBXBuildFile; fileRef = 1FD7821D16113A5500E298F9 /* waffle_context.h */; };
		1FD7831016113A5500E298F9 /* waffle_display.h in Headers */ = {isa = PBXBuildFile; fileRef = 1FD7821E16113A5500E298F9 /* waffle_display.h */; };
		1FD7831116113A5500E298F9 /* waffle_dl.h in Headers */ = {isa = PBXBuildFile; fileRef = 1FD7821F16113A5500E298F9 /* waffle_dl.h */; };
		1FD7831216113A5500E298F9 /* waffle_enum.h in Headers */ = {isa = PBXBuildFile; fileRef = 1FD7822016113A5500E298F9 /* waffle_enum.h */; };
		1FD7831316113A5500E298F9 /* waffle_error.h in Headers */ = {isa = PBXBuildFile; fileRef = 1FD7822116113A5500E298F9 /* waffle_error.h */; };
		1FD7831416113A5500E298F9 /* waffle_gl_misc.h in Headers */ = {isa = PBXBuildFile; fileRef = 1FD7822216113A5500E298F9 /* waffle_gl_misc.h */; };
		1FD7831516113A5500E298F9 /* waffle_glx.h in Headers */ = {isa = PBXBuildFile; fileRef = 1FD7822316113A5500E298F9 /* waffle_glx.h */; };
		1FD7831616113A5500E298F9 /* waffle_init.h in Headers */ = {isa = PBXBuildFile; fileRef = 1FD7822416113A5500E298F9 /* waffle_init.h */; };
		1FD7831716113A5500E298F9 /* waffle_portability.h in Headers */ = {isa = PBXBuildFile; fileRef = 1FD7822516113A5500E298F9 /* waffle_portability.h */; };
		1FD7831816113A5500E298F9 /* waffle_version.h in Headers */ = {isa = PBXBuildFile; fileRef = 1FD7822616113A5500E298F9 /* waffle_version.h */; };
		1FD7831916113A5500E298F9 /* waffle_wayland.h in Headers */ = {isa = PBXBuildFile; fileRef = 1FD7822816113A5500E298F9 /* waffle_wayland.h */; };
		1FD7831A16113A5500E298F9 /* waffle_window.h in Headers */ = {isa = PBXBuildFile; fileRef = 1FD7822916113A5500E298F9 /* waffle_window.h */; };
		1FD7831B16113A5500E298F9 /* waffle_x11_egl.h in Headers */ = {isa = PBXBuildFile; fileRef = 1FD7822A16113A5500E298F9 /* waffle_x11_egl.h */; };
		1FD7833916113A5500E298F9 /* cgl_config.h in Headers */ = {isa = PBXBuildFile; fileRef = 1FD7825216113A5500E298F9 /* cgl_config.h */; };
		1FD7833A16113A5500E298F9 /* cgl_config.m in Sources */ = {isa = PBXBuildFile; fileRef = 1FD7825316113A5500E298F9 /* cgl_config.m */; };
		1FD7833B16113A5500E298F9 /* cgl_context.h in Headers */ = {isa = PBXBuildFile; fileRef = 1FD7825416113A5500E298F9 /* cgl_context.h */; };
		1FD7833C16113A5500E298F9 /* cgl_context.m in Sources */ = {isa = PBXBuildFile; fileRef = 1FD7825516113A5500E298F9 /* cgl_context.m */; };
		1FD7833D16113A5500E298F9 /* cgl_display.h in Headers */ = {isa = PBXBuildFile; fileRef = 1FD7825616113A5500E298F9 /* cgl_display.h */; };
		1FD7833E16113A5500E298F9 /* cgl_display.m in Sources */ = {isa = PBXBuildFile; fileRef = 1FD7825716113A5500E298F9 /* cgl_display.m */; };
		1FD7833F16113A5500E298F9 /* cgl_dl.h in Headers */ = {isa = PBXBuildFile; fileRef = 1FD7825816113A5500E298F9 /* cgl_dl.h */; };
		1FD7834016113A5500E298F9 /* cgl_dl.m in Sources */ = {isa = PBXBuildFile; fileRef = 1FD7825916113A5500E298F9 /* cgl_dl.m */; };
		1FD7834116113A5500E298F9 /* cgl_error.h in Headers */ = {isa = PBXBuildFile; fileRef = 1FD7825A16113A5500E298F9 /* cgl_error.h */; };
		1FD7834216113A5500E298F9 /* cgl_error.m in Sources */ = {isa = PBXBuildFile; fileRef = 1FD7825B16113A5500E298F9 /* cgl_error.m */; };
		1FD7834316113A5500E298F9 /* cgl_platform.h in Headers */ = {isa = PBXBuildFile; fileRef = 1FD7825C16113A5500E298F9 /* cgl_platform.h */; };
		1FD7834416113A5500E298F9 /* cgl_platform.m in Sources */ = {isa = PBXBuildFile; fileRef = 1FD7825D16113A5500E298F9 /* cgl_platform.m */; };
		1FD7834516113A5500E298F9 /* cgl_window.h in Headers */ = {isa = PBXBuildFile; fileRef = 1FD7825E16113A5500E298F9 /* cgl_window.h */; };
		1FD7834616113A5500E298F9 /* cgl_window.m in Sources */ = {isa = PBXBuildFile; fileRef = 1FD7825F16113A5500E298F9 /* cgl_window.m */; };
		1FD7834716113A5500E298F9 /* WaffleGLView.h in Headers */ = {isa = PBXBuildFile; fileRef = 1FD7826016113A5500E298F9 /* WaffleGLView.h */; };
		1FD7834816113A5500E298F9 /* WaffleGLView.m in Sources */ = {isa = PBXBuildFile; fileRef = 1FD7826116113A5500E298F9 /* WaffleGLView.m */; };
		1FD7841116113DB300E298F9 /* wcore_config.h in Headers */ = {isa = PBXBuildFile; fileRef = 1FD7840116113DB300E298F9 /* wcore_config.h */; };
		1FD7841216113DB300E298F9 /* wcore_config_attrs.c in Sources */ = {isa = PBXBuildFile; fileRef = 1FD7840216113DB300E298F9 /* wcore_config_attrs.c */; };
		1FD7841316113DB300E298F9 /* wcore_config_attrs.h in Headers */ = {isa = PBXBuildFile; fileRef = 1FD7840316113DB300E298F9 /* wcore_config_attrs.h */; };
		1FD7841516113DB300E298F9 /* wcore_context.h in Headers */ = {isa = PBXBuildFile; fileRef = 1FD7840516113DB300E298F9 /* wcore_context.h */; };
		1FD7841616113DB300E298F9 /* wcore_display.c in Sources */ = {isa = PBXBuildFile; fileRef = 1FD7840616113DB300E298F9 /* wcore_display.c */; };
		1FD7841716113DB300E298F9 /* wcore_display.h in Headers */ = {isa = PBXBuildFile; fileRef = 1FD7840716113DB300E298F9 /* wcore_display.h */; };
		1FD7841816113DB300E298F9 /* wcore_error.c in Sources */ = {isa = PBXBuildFile; fileRef = 1FD7840816113DB300E298F9 /* wcore_error.c */; };
		1FD7841916113DB300E298F9 /* wcore_error.h in Headers */ = {isa = PBXBuildFile; fileRef = 1FD7840916113DB300E298F9 /* wcore_error.h */; };
		1FD7841B16113DB300E298F9 /* wcore_platform.h in Headers */ = {isa = PBXBuildFile; fileRef = 1FD7840B16113DB300E298F9 /* wcore_platform.h */; };
		1FD7841C16113DB300E298F9 /* wcore_tinfo.c in Sources */ = {isa = PBXBuildFile; fileRef = 1FD7840C16113DB300E298F9 /* wcore_tinfo.c */; };
		1FD7841D16113DB300E298F9 /* wcore_tinfo.h in Headers */ = {isa = PBXBuildFile; fileRef = 1FD7840D16113DB300E298F9 /* wcore_tinfo.h */; };
		1FD7841E16113DB300E298F9 /* wcore_util.c in Sources */ = {isa = PBXBuildFile; fileRef = 1FD7840E16113DB300E298F9 /* wcore_util.c */; };
		1FD7841F16113DB300E298F9 /* wcore_util.h in Headers */ = {isa = PBXBuildFile; fileRef = 1FD7840F16113DB300E298F9 /* wcore_util.h */; };
		1FD7842016113DB300E298F9 /* wcore_window.h in Headers */ = {isa = PBXBuildFile; fileRef = 1FD7841016113DB300E298F9 /* wcore_window.h */; };
		1FD7843116113E0600E298F9 /* api_object.h in Headers */ = {isa = PBXBuildFile; fileRef = 1FD7842316113E0600E298F9 /* api_object.h */; };
		1FD7843216113E0600E298F9 /* api_priv.c in Sources */ = {isa = PBXBuildFile; fileRef = 1FD7842416113E0600E298F9 /* api_priv.c */; };
		1FD7843316113E0600E298F9 /* api_priv.h in Headers */ = {isa = PBXBuildFile; fileRef = 1FD7842516113E0600E298F9 /* api_priv.h */; };
		1FD7843416113E0600E298F9 /* waffle_attrib_list.c in Sources */ = {isa = PBXBuildFile; fileRef = 1FD7842616113E0600E298F9 /* waffle_attrib_list.c */; };
		1FD7843616113E0600E298F9 /* waffle_config.c in Sources */ = {isa = PBXBuildFile; fileRef = 1FD7842816113E0600E298F9 /* waffle_config.c */; };
		1FD7843716113E0600E298F9 /* waffle_context.c in Sources */ = {isa = PBXBuildFile; fileRef = 1FD7842916113E0600E298F9 /* waffle_context.c */; };
		1FD7843816113E0600E298F9 /* waffle_display.c in Sources */ = {isa = PBXBuildFile; fileRef = 1FD7842A16113E0600E298F9 /* waffle_display.c */; };
		1FD7843916113E0600E298F9 /* waffle_dl.c in Sources */ = {isa = PBXBuildFile; fileRef = 1FD7842B16113E0600E298F9 /* waffle_dl.c */; };
		1FD7843A16113E0600E298F9 /* waffle_enum.c in Sources */ = {isa = PBXBuildFile; fileRef = 1FD7842C16113E0600E298F9 /* waffle_enum.c */; };
		1FD7843B16113E0600E298F9 /* waffle_error.c in Sources */ = {isa = PBXBuildFile; fileRef = 1FD7842D16113E0600E298F9 /* waffle_error.c */; };
		1FD7843C16113E0600E298F9 /* waffle_gl_misc.c in Sources */ = {isa = PBXBuildFile; fileRef = 1FD7842E16113E0600E298F9 /* waffle_gl_misc.c */; };
		1FD7843D16113E0600E298F9 /* waffle_init.c in Sources */ = {isa = PBXBuildFile; fileRef = 1FD7842F16113E0600E298F9 /* waffle_init.c */; };
		1FD7843E16113E0600E298F9 /* waffle_window.c in Sources */ = {isa = PBXBuildFile; fileRef = 1FD7843016113E0600E298F9 /* waffle_window.c */; };
/* End PBXBuildFile section */

/* Begin PBXFileReference section */
		1FCDE1ED161139AD00E1247C /* libwaffle_cgl.a */ = {isa = PBXFileReference; explicitFileType = archive.ar; includeInIndex = 0; path = libwaffle_cgl.a; sourceTree = BUILT_PRODUCTS_DIR; };
		1FD7821A16113A5500E298F9 /* waffle.h */ = {isa = PBXFileReference; fileEncoding = 4; lastKnownFileType = sourcecode.c.h; path = waffle.h; sourceTree = "<group>"; };
		1FD7821B16113A5500E298F9 /* waffle_attrib_list.h */ = {isa = PBXFileReference; fileEncoding = 4; lastKnownFileType = sourcecode.c.h; path = waffle_attrib_list.h; sourceTree = "<group>"; };
		1FD7821C16113A5500E298F9 /* waffle_config.h */ = {isa = PBXFileReference; fileEncoding = 4; lastKnownFileType = sourcecode.c.h; path = waffle_config.h; sourceTree = "<group>"; };
		1FD7821D16113A5500E298F9 /* waffle_context.h */ = {isa = PBXFileReference; fileEncoding = 4; lastKnownFileType = sourcecode.c.h; path = waffle_context.h; sourceTree = "<group>"; };
		1FD7821E16113A5500E298F9 /* waffle_display.h */ = {isa = PBXFileReference; fileEncoding = 4; lastKnownFileType = sourcecode.c.h; path = waffle_display.h; sourceTree = "<group>"; };
		1FD7821F16113A5500E298F9 /* waffle_dl.h */ = {isa = PBXFileReference; fileEncoding = 4; lastKnownFileType = sourcecode.c.h; path = waffle_dl.h; sourceTree = "<group>"; };
		1FD7822016113A5500E298F9 /* waffle_enum.h */ = {isa = PBXFileReference; fileEncoding = 4; lastKnownFileType = sourcecode.c.h; path = waffle_enum.h; sourceTree = "<group>"; };
		1FD7822116113A5500E298F9 /* waffle_error.h */ = {isa = PBXFileReference; fileEncoding = 4; lastKnownFileType = sourcecode.c.h; path = waffle_error.h; sourceTree = "<group>"; };
		1FD7822216113A5500E298F9 /* waffle_gl_misc.h */ = {isa = PBXFileReference; fileEncoding = 4; lastKnownFileType = sourcecode.c.h; path = waffle_gl_misc.h; sourceTree = "<group>"; };
		1FD7822316113A5500E298F9 /* waffle_glx.h */ = {isa = PBXFileReference; fileEncoding = 4; lastKnownFileType = sourcecode.c.h; path = waffle_glx.h; sourceTree = "<group>"; };
		1FD7822416113A5500E298F9 /* waffle_init.h */ = {isa = PBXFileReference; fileEncoding = 4; lastKnownFileType = sourcecode.c.h; path = waffle_init.h; sourceTree = "<group>"; };
		1FD7822516113A5500E298F9 /* waffle_portability.h */ = {isa = PBXFileReference; fileEncoding = 4; lastKnownFileType = sourcecode.c.h; path = waffle_portability.h; sourceTree = "<group>"; };
		1FD7822616113A5500E298F9 /* waffle_version.h */ = {isa = PBXFileReference; fileEncoding = 4; lastKnownFileType = sourcecode.c.h; path = waffle_version.h; sourceTree = "<group>"; };
		1FD7822816113A5500E298F9 /* waffle_wayland.h */ = {isa = PBXFileReference; fileEncoding = 4; lastKnownFileType = sourcecode.c.h; path = waffle_wayland.h; sourceTree = "<group>"; };
		1FD7822916113A5500E298F9 /* waffle_window.h */ = {isa = PBXFileReference; fileEncoding = 4; lastKnownFileType = sourcecode.c.h; path = waffle_window.h; sourceTree = "<group>"; };
		1FD7822A16113A5500E298F9 /* waffle_x11_egl.h */ = {isa = PBXFileReference; fileEncoding = 4; lastKnownFileType = sourcecode.c.h; path = waffle_x11_egl.h; sourceTree = "<group>"; };
		1FD7825216113A5500E298F9 /* cgl_config.h */ = {isa = PBXFileReference; fileEncoding = 4; lastKnownFileType = sourcecode.c.h; path = cgl_config.h; sourceTree = "<group>"; };
		1FD7825316113A5500E298F9 /* cgl_config.m */ = {isa = PBXFileReference; fileEncoding = 4; lastKnownFileType = sourcecode.c.objc; path = cgl_config.m; sourceTree = "<group>"; };
		1FD7825416113A5500E298F9 /* cgl_context.h */ = {isa = PBXFileReference; fileEncoding = 4; lastKnownFileType = sourcecode.c.h; path = cgl_context.h; sourceTree = "<group>"; };
		1FD7825516113A5500E298F9 /* cgl_context.m */ = {isa = PBXFileReference; fileEncoding = 4; lastKnownFileType = sourcecode.c.objc; path = cgl_context.m; sourceTree = "<group>"; };
		1FD7825616113A5500E298F9 /* cgl_display.h */ = {isa = PBXFileReference; fileEncoding = 4; lastKnownFileType = sourcecode.c.h; path = cgl_display.h; sourceTree = "<group>"; };
		1FD7825716113A5500E298F9 /* cgl_display.m */ = {isa = PBXFileReference; fileEncoding = 4; lastKnownFileType = sourcecode.c.objc; path = cgl_display.m; sourceTree = "<group>"; };
		1FD7825816113A5500E298F9 /* cgl_dl.h */ = {isa = PBXFileReference; fileEncoding = 4; lastKnownFileType = sourcecode.c.h; path = cgl_dl.h; sourceTree = "<group>"; };
		1FD7825916113A5500E298F9 /* cgl_dl.m */ = {isa = PBXFileReference; fileEncoding = 4; lastKnownFileType = sourcecode.c.objc; path = cgl_dl.m; sourceTree = "<group>"; };
		1FD7825A16113A5500E298F9 /* cgl_error.h */ = {isa = PBXFileReference; fileEncoding = 4; lastKnownFileType = sourcecode.c.h; path = cgl_error.h; sourceTree = "<group>"; };
		1FD7825B16113A5500E298F9 /* cgl_error.m */ = {isa = PBXFileReference; fileEncoding = 4; lastKnownFileType = sourcecode.c.objc; path = cgl_error.m; sourceTree = "<group>"; };
		1FD7825C16113A5500E298F9 /* cgl_platform.h */ = {isa = PBXFileReference; fileEncoding = 4; lastKnownFileType = sourcecode.c.h; path = cgl_platform.h; sourceTree = "<group>"; };
		1FD7825D16113A5500E298F9 /* cgl_platform.m */ = {isa = PBXFileReference; fileEncoding = 4; lastKnownFileType = sourcecode.c.objc; path = cgl_platform.m; sourceTree = "<group>"; };
		1FD7825E16113A5500E298F9 /* cgl_window.h */ = {isa = PBXFileReference; fileEncoding = 4; lastKnownFileType = sourcecode.c.h; path = cgl_window.h; sourceTree = "<group>"; };
		1FD7825F16113A5500E298F9 /* cgl_window.m */ = {isa = PBXFileReference; fileEncoding = 4; lastKnownFileType = sourcecode.c.objc; path = cgl_window.m; sourceTree = "<group>"; };
		1FD7826016113A5500E298F9 /* WaffleGLView.h */ = {isa = PBXFileReference; fileEncoding = 4; lastKnownFileType = sourcecode.c.h; path = WaffleGLView.h; sourceTree = "<group>"; };
		1FD7826116113A5500E298F9 /* WaffleGLView.m */ = {isa = PBXFileReference; fileEncoding = 4; lastKnownFileType = sourcecode.c.objc; path = WaffleGLView.m; sourceTree = "<group>"; };
		1FD7840116113DB300E298F9 /* wcore_config.h */ = {isa = PBXFileReference; fileEncoding = 4; lastKnownFileType = sourcecode.c.h; path = wcore_config.h; sourceTree = "<group>"; };
		1FD7840216113DB300E298F9 /* wcore_config_attrs.c */ = {isa = PBXFileReference; fileEncoding = 4; lastKnownFileType = sourcecode.c.c; path = wcore_config_attrs.c; sourceTree = "<group>"; };
		1FD7840316113DB300E298F9 /* wcore_config_attrs.h */ = {isa = PBXFileReference; fileEncoding = 4; lastKnownFileType = sourcecode.c.h; path = wcore_config_attrs.h; sourceTree = "<group>"; };
		1FD7840516113DB300E298F9 /* wcore_context.h */ = {isa = PBXFileReference; fileEncoding = 4; lastKnownFileType = sourcecode.c.h; path = wcore_context.h; sourceTree = "<group>"; };
		1FD7840616113DB300E298F9 /* wcore_display.c */ = {isa = PBXFileReference; fileEncoding = 4; lastKnownFileType = sourcecode.c.c; path = wcore_display.c; sourceTree = "<group>"; };
		1FD7840716113DB300E298F9 /* wcore_display.h */ = {isa = PBXFileReference; fileEncoding = 4; lastKnownFileType = sourcecode.c.h; path = wcore_display.h; sourceTree = "<group>"; };
		1FD7840816113DB300E298F9 /* wcore_error.c */ = {isa = PBXFileReference; fileEncoding = 4; lastKnownFileType = sourcecode.c.c; path = wcore_error.c; sourceTree = "<group>"; };
		1FD7840916113DB300E298F9 /* wcore_error.h */ = {isa = PBXFileReference; fileEncoding = 4; lastKnownFileType = sourcecode.c.h; path = wcore_error.h; sourceTree = "<group>"; };
		1FD7840B16113DB300E298F9 /* wcore_platform.h */ = {isa = PBXFileReference; fileEncoding = 4; lastKnownFileType = sourcecode.c.h; path = wcore_platform.h; sourceTree = "<group>"; };
		1FD7840C16113DB300E298F9 /* wcore_tinfo.c */ = {isa = PBXFileReference; fileEncoding = 4; lastKnownFileType = sourcecode.c.c; path = wcore_tinfo.c; sourceTree = "<group>"; };
		1FD7840D16113DB300E298F9 /* wcore_tinfo.h */ = {isa = PBXFileReference; fileEncoding = 4; lastKnownFileType = sourcecode.c.h; path = wcore_tinfo.h; sourceTree = "<group>"; };
		1FD7840E16113DB300E298F9 /* wcore_util.c */ = {isa = PBXFileReference; fileEncoding = 4; lastKnownFileType = sourcecode.c.c; path = wcore_util.c; sourceTree = "<group>"; };
		1FD7840F16113DB300E298F9 /* wcore_util.h */ = {isa = PBXFileReference; fileEncoding = 4; lastKnownFileType = sourcecode.c.h; path = wcore_util.h; sourceTree = "<group>"; };
		1FD7841016113DB300E298F9 /* wcore_window.h */ = {isa = PBXFileReference; fileEncoding = 4; lastKnownFileType = sourcecode.c.h; path = wcore_window.h; sourceTree = "<group>"; };
		1FD7842316113E0600E298F9 /* api_object.h */ = {isa = PBXFileReference; fileEncoding = 4; lastKnownFileType = sourcecode.c.h; path = api_object.h; sourceTree = "<group>"; };
		1FD7842416113E0600E298F9 /* api_priv.c */ = {isa = PBXFileReference; fileEncoding = 4; lastKnownFileType = sourcecode.c.c; path = api_priv.c; sourceTree = "<group>"; };
		1FD7842516113E0600E298F9 /* api_priv.h */ = {isa = PBXFileReference; fileEncoding = 4; lastKnownFileType = sourcecode.c.h; path = api_priv.h; sourceTree = "<group>"; };
		1FD7842616113E0600E298F9 /* waffle_attrib_list.c */ = {isa = PBXFileReference; fileEncoding = 4; lastKnownFileType = sourcecode.c.c; path = waffle_attrib_list.c; sourceTree = "<group>"; };
		1FD7842816113E0600E298F9 /* waffle_config.c */ = {isa = PBXFileReference; fileEncoding = 4; lastKnownFileType = sourcecode.c.c; path = waffle_config.c; sourceTree = "<group>"; };
		1FD7842916113E0600E298F9 /* waffle_context.c */ = {isa = PBXFileReference; fileEncoding = 4; lastKnownFileType = sourcecode.c.c; path = waffle_context.c; sourceTree = "<group>"; };
		1FD7842A16113E0600E298F9 /* waffle_display.c */ = {isa = PBXFileReference; fileEncoding = 4; lastKnownFileType = sourcecode.c.c; path = waffle_display.c; sourceTree = "<group>"; };
		1FD7842B16113E0600E298F9 /* waffle_dl.c */ = {isa = PBXFileReference; fileEncoding = 4; lastKnownFileType = sourcecode.c.c; path = waffle_dl.c; sourceTree = "<group>"; };
		1FD7842C16113E0600E298F9 /* waffle_enum.c */ = {isa = PBXFileReference; fileEncoding = 4; lastKnownFileType = sourcecode.c.c; path = waffle_enum.c; sourceTree = "<group>"; };
		1FD7842D16113E0600E298F9 /* waffle_error.c */ = {isa = PBXFileReference; fileEncoding = 4; lastKnownFileType = sourcecode.c.c; path = waffle_error.c; sourceTree = "<group>"; };
		1FD7842E16113E0600E298F9 /* waffle_gl_misc.c */ = {isa = PBXFileReference; fileEncoding = 4; lastKnownFileType = sourcecode.c.c; path = waffle_gl_misc.c; sourceTree = "<group>"; };
		1FD7842F16113E0600E298F9 /* waffle_init.c */ = {isa = PBXFileReference; fileEncoding = 4; lastKnownFileType = sourcecode.c.c; path = waffle_init.c; sourceTree = "<group>"; };
		1FD7843016113E0600E298F9 /* waffle_window.c */ = {isa = PBXFileReference; fileEncoding = 4; lastKnownFileType = sourcecode.c.c; path = waffle_window.c; sourceTree = "<group>"; };
/* End PBXFileReference section */

/* Begin PBXFrameworksBuildPhase section */
		1FCDE1EA161139AD00E1247C /* Frameworks */ = {
			isa = PBXFrameworksBuildPhase;
			buildActionMask = 2147483647;
			files = (
			);
			runOnlyForDeploymentPostprocessing = 0;
		};
/* End PBXFrameworksBuildPhase section */

/* Begin PBXGroup section */
		1FCDE1E2161139AD00E1247C = {
			isa = PBXGroup;
			children = (
				1FD7821116113A5500E298F9 /* include */,
				1FD7822B16113A5500E298F9 /* src */,
				1FCDE1EE161139AD00E1247C /* Products */,
			);
			sourceTree = "<group>";
		};
		1FCDE1EE161139AD00E1247C /* Products */ = {
			isa = PBXGroup;
			children = (
				1FCDE1ED161139AD00E1247C /* libwaffle_cgl.a */,
			);
			name = Products;
			sourceTree = "<group>";
		};
		1FD7821116113A5500E298F9 /* include */ = {
			isa = PBXGroup;
			children = (
				1FD7821816113A5500E298F9 /* waffle */,
			);
			path = include;
			sourceTree = "<group>";
		};
		1FD7821816113A5500E298F9 /* waffle */ = {
			isa = PBXGroup;
			children = (
				1FD7821A16113A5500E298F9 /* waffle.h */,
				1FD7821B16113A5500E298F9 /* waffle_attrib_list.h */,
				1FD7821C16113A5500E298F9 /* waffle_config.h */,
				1FD7821D16113A5500E298F9 /* waffle_context.h */,
				1FD7821E16113A5500E298F9 /* waffle_display.h */,
				1FD7821F16113A5500E298F9 /* waffle_dl.h */,
				1FD7822016113A5500E298F9 /* waffle_enum.h */,
				1FD7822116113A5500E298F9 /* waffle_error.h */,
				1FD7822216113A5500E298F9 /* waffle_gl_misc.h */,
				1FD7822316113A5500E298F9 /* waffle_glx.h */,
				1FD7822416113A5500E298F9 /* waffle_init.h */,
				1FD7822516113A5500E298F9 /* waffle_portability.h */,
				1FD7822616113A5500E298F9 /* waffle_version.h */,
				1FD7822816113A5500E298F9 /* waffle_wayland.h */,
				1FD7822916113A5500E298F9 /* waffle_window.h */,
				1FD7822A16113A5500E298F9 /* waffle_x11_egl.h */,
			);
			path = waffle;
			sourceTree = "<group>";
		};
		1FD7822B16113A5500E298F9 /* src */ = {
			isa = PBXGroup;
			children = (
				1FD7823216113A5500E298F9 /* waffle */,
			);
			path = src;
			sourceTree = "<group>";
		};
		1FD7823216113A5500E298F9 /* waffle */ = {
			isa = PBXGroup;
			children = (
				1FD7842216113E0600E298F9 /* api */,
				1FD783FF16113DB300E298F9 /* core */,
				1FD7825116113A5500E298F9 /* cgl */,
			);
			path = waffle;
			sourceTree = "<group>";
		};
		1FD7825116113A5500E298F9 /* cgl */ = {
			isa = PBXGroup;
			children = (
				1FD7825216113A5500E298F9 /* cgl_config.h */,
				1FD7825316113A5500E298F9 /* cgl_config.m */,
				1FD7825416113A5500E298F9 /* cgl_context.h */,
				1FD7825516113A5500E298F9 /* cgl_context.m */,
				1FD7825616113A5500E298F9 /* cgl_display.h */,
				1FD7825716113A5500E298F9 /* cgl_display.m */,
				1FD7825816113A5500E298F9 /* cgl_dl.h */,
				1FD7825916113A5500E298F9 /* cgl_dl.m */,
				1FD7825A16113A5500E298F9 /* cgl_error.h */,
				1FD7825B16113A5500E298F9 /* cgl_error.m */,
				1FD7825C16113A5500E298F9 /* cgl_platform.h */,
				1FD7825D16113A5500E298F9 /* cgl_platform.m */,
				1FD7825E16113A5500E298F9 /* cgl_window.h */,
				1FD7825F16113A5500E298F9 /* cgl_window.m */,
				1FD7826016113A5500E298F9 /* WaffleGLView.h */,
				1FD7826116113A5500E298F9 /* WaffleGLView.m */,
			);
			path = cgl;
			sourceTree = "<group>";
		};
		1FD783FF16113DB300E298F9 /* core */ = {
			isa = PBXGroup;
			children = (
				1FD7840116113DB300E298F9 /* wcore_config.h */,
				1FD7840216113DB300E298F9 /* wcore_config_attrs.c */,
				1FD7840316113DB300E298F9 /* wcore_config_attrs.h */,
				1FD7840516113DB300E298F9 /* wcore_context.h */,
				1FD7840616113DB300E298F9 /* wcore_display.c */,
				1FD7840716113DB300E298F9 /* wcore_display.h */,
				1FD7840816113DB300E298F9 /* wcore_error.c */,
				1FD7840916113DB300E298F9 /* wcore_error.h */,
				1FD7840B16113DB300E298F9 /* wcore_platform.h */,
				1FD7840C16113DB300E298F9 /* wcore_tinfo.c */,
				1FD7840D16113DB300E298F9 /* wcore_tinfo.h */,
				1FD7840E16113DB300E298F9 /* wcore_util.c */,
				1FD7840F16113DB300E298F9 /* wcore_util.h */,
				1FD7841016113DB300E298F9 /* wcore_window.h */,
			);
			path = core;
			sourceTree = "<group>";
		};
		1FD7842216113E0600E298F9 /* api */ = {
			isa = PBXGroup;
			children = (
				1FD7842316113E0600E298F9 /* api_object.h */,
				1FD7842416113E0600E298F9 /* api_priv.c */,
				1FD7842516113E0600E298F9 /* api_priv.h */,
				1FD7842616113E0600E298F9 /* waffle_attrib_list.c */,
				1FD7842816113E0600E298F9 /* waffle_config.c */,
				1FD7842916113E0600E298F9 /* waffle_context.c */,
				1FD7842A16113E0600E298F9 /* waffle_display.c */,
				1FD7842B16113E0600E298F9 /* waffle_dl.c */,
				1FD7842C16113E0600E298F9 /* waffle_enum.c */,
				1FD7842D16113E0600E298F9 /* waffle_error.c */,
				1FD7842E16113E0600E298F9 /* waffle_gl_misc.c */,
				1FD7842F16113E0600E298F9 /* waffle_init.c */,
				1FD7843016113E0600E298F9 /* waffle_window.c */,
			);
			path = api;
			sourceTree = "<group>";
		};
/* End PBXGroup section */

/* Begin PBXHeadersBuildPhase section */
		1FCDE1EB161139AD00E1247C /* Headers */ = {
			isa = PBXHeadersBuildPhase;
			buildActionMask = 2147483647;
			files = (
				1FD7830C16113A5500E298F9 /* waffle.h in Headers */,
				1FD7830D16113A5500E298F9 /* waffle_attrib_list.h in Headers */,
				1FD7830E16113A5500E298F9 /* waffle_config.h in Headers */,
				1FD7830F16113A5500E298F9 /* waffle_context.h in Headers */,
				1FD7831016113A5500E298F9 /* waffle_display.h in Headers */,
				1FD7831116113A5500E298F9 /* waffle_dl.h in Headers */,
				1FD7831216113A5500E298F9 /* waffle_enum.h in Headers */,
				1FD7831316113A5500E298F9 /* waffle_error.h in Headers */,
				1FD7831416113A5500E298F9 /* waffle_gl_misc.h in Headers */,
				1FD7831516113A5500E298F9 /* waffle_glx.h in Headers */,
				1FD7831616113A5500E298F9 /* waffle_init.h in Headers */,
				1FD7831716113A5500E298F9 /* waffle_portability.h in Headers */,
				1FD7831816113A5500E298F9 /* waffle_version.h in Headers */,
				1FD7831916113A5500E298F9 /* waffle_wayland.h in Headers */,
				1FD7831A16113A5500E298F9 /* waffle_window.h in Headers */,
				1FD7831B16113A5500E298F9 /* waffle_x11_egl.h in Headers */,
				1FD7833916113A5500E298F9 /* cgl_config.h in Headers */,
				1FD7833B16113A5500E298F9 /* cgl_context.h in Headers */,
				1FD7833D16113A5500E298F9 /* cgl_display.h in Headers */,
				1FD7833F16113A5500E298F9 /* cgl_dl.h in Headers */,
				1FD7834116113A5500E298F9 /* cgl_error.h in Headers */,
				1FD7834316113A5500E298F9 /* cgl_platform.h in Headers */,
				1FD7834516113A5500E298F9 /* cgl_window.h in Headers */,
				1FD7834716113A5500E298F9 /* WaffleGLView.h in Headers */,
				1FD7841116113DB300E298F9 /* wcore_config.h in Headers */,
				1FD7841316113DB300E298F9 /* wcore_config_attrs.h in Headers */,
				1FD7841516113DB300E298F9 /* wcore_context.h in Headers */,
				1FD7841716113DB300E298F9 /* wcore_display.h in Headers */,
				1FD7841916113DB300E298F9 /* wcore_error.h in Headers */,
				1FD7841B16113DB300E298F9 /* wcore_platform.h in Headers */,
				1FD7841D16113DB300E298F9 /* wcore_tinfo.h in Headers */,
				1FD7841F16113DB300E298F9 /* wcore_util.h in Headers */,
				1FD7842016113DB300E298F9 /* wcore_window.h in Headers */,
				1FD7843116113E0600E298F9 /* api_object.h in Headers */,
				1FD7843316113E0600E298F9 /* api_priv.h in Headers */,
			);
			runOnlyForDeploymentPostprocessing = 0;
		};
/* End PBXHeadersBuildPhase section */

/* Begin PBXNativeTarget section */
		1FCDE1EC161139AD00E1247C /* waffle_cgl */ = {
			isa = PBXNativeTarget;
			buildConfigurationList = 1FCDE1F1161139AD00E1247C /* Build configuration list for PBXNativeTarget "waffle_cgl" */;
			buildPhases = (
				1FCDE1E9161139AD00E1247C /* Sources */,
				1FCDE1EA161139AD00E1247C /* Frameworks */,
				1FCDE1EB161139AD00E1247C /* Headers */,
			);
			buildRules = (
			);
			dependencies = (
			);
			name = waffle_cgl;
			productName = waffle_cgl;
			productReference = 1FCDE1ED161139AD00E1247C /* libwaffle_cgl.a */;
			productType = "com.apple.product-type.library.static";
		};
/* End PBXNativeTarget section */

/* Begin PBXProject section */
		1FCDE1E4161139AD00E1247C /* Project object */ = {
			isa = PBXProject;
			attributes = {
				LastUpgradeCheck = 0460;
			};
			buildConfigurationList = 1FCDE1E7161139AD00E1247C /* Build configuration list for PBXProject "waffle_cgl" */;
			compatibilityVersion = "Xcode 3.2";
			developmentRegion = English;
			hasScannedForEncodings = 0;
			knownRegions = (
				en,
			);
			mainGroup = 1FCDE1E2161139AD00E1247C;
			productRefGroup = 1FCDE1EE161139AD00E1247C /* Products */;
			projectDirPath = "";
			projectRoot = "";
			targets = (
				1FCDE1EC161139AD00E1247C /* waffle_cgl */,
			);
		};
/* End PBXProject section */

/* Begin PBXSourcesBuildPhase section */
		1FCDE1E9161139AD00E1247C /* Sources */ = {
			isa = PBXSourcesBuildPhase;
			buildActionMask = 2147483647;
			files = (
				1FD7833A16113A5500E298F9 /* cgl_config.m in Sources */,
				1FD7833C16113A5500E298F9 /* cgl_context.m in Sources */,
				1FD7833E16113A5500E298F9 /* cgl_display.m in Sources */,
				1FD7834016113A5500E298F9 /* cgl_dl.m in Sources */,
				1FD7834216113A5500E298F9 /* cgl_error.m in Sources */,
				1FD7834416113A5500E298F9 /* cgl_platform.m in Sources */,
				1FD7834616113A5500E298F9 /* cgl_window.m in Sources */,
				1FD7834816113A5500E298F9 /* WaffleGLView.m in Sources */,
				1FD7841216113DB300E298F9 /* wcore_config_attrs.c in Sources */,
				1FD7841616113DB300E298F9 /* wcore_display.c in Sources */,
				1FD7841816113DB300E298F9 /* wcore_error.c in Sources */,
				1FD7841C16113DB300E298F9 /* wcore_tinfo.c in Sources */,
				1FD7841E16113DB300E298F9 /* wcore_util.c in Sources */,
				1FD7843216113E0600E298F9 /* api_priv.c in Sources */,
				1FD7843416113E0600E298F9 /* waffle_attrib_list.c in Sources */,
				1FD7843616113E0600E298F9 /* waffle_config.c in Sources */,
				1FD7843716113E0600E298F9 /* waffle_context.c in Sources */,
				1FD7843816113E0600E298F9 /* waffle_display.c in Sources */,
				1FD7843916113E0600E298F9 /* waffle_dl.c in Sources */,
				1FD7843A16113E0600E298F9 /* waffle_enum.c in Sources */,
				1FD7843B16113E0600E298F9 /* waffle_error.c in Sources */,
				1FD7843C16113E0600E298F9 /* waffle_gl_misc.c in Sources */,
				1FD7843D16113E0600E298F9 /* waffle_init.c in Sources */,
				1FD7843E16113E0600E298F9 /* waffle_window.c in Sources */,
			);
			runOnlyForDeploymentPostprocessing = 0;
		};
/* End PBXSourcesBuildPhase section */

/* Begin XCBuildConfiguration section */
		1FCDE1EF161139AD00E1247C /* Debug */ = {
			isa = XCBuildConfiguration;
			buildSettings = {
				COPY_PHASE_STRIP = NO;
				GCC_OPTIMIZATION_LEVEL = 0;
				GCC_PREPROCESSOR_DEFINITIONS = WAFFLE_HAS_CGL;
				HEADER_SEARCH_PATHS = (
					$PROJECT_DIR/include,
					$PROJECT_DIR/src,
				);
				ONLY_ACTIVE_ARCH = YES;
			};
			name = Debug;
		};
		1FCDE1F0161139AD00E1247C /* Release */ = {
			isa = XCBuildConfiguration;
			buildSettings = {
				DEBUG_INFORMATION_FORMAT = "dwarf-with-dsym";
				GCC_PREPROCESSOR_DEFINITIONS = WAFFLE_HAS_CGL;
				HEADER_SEARCH_PATHS = (
					$PROJECT_DIR/include,
					$PROJECT_DIR/src,
				);
			};
			name = Release;
		};
		1FCDE1F2161139AD00E1247C /* Debug */ = {
			isa = XCBuildConfiguration;
			buildSettings = {
				COMBINE_HIDPI_IMAGES = YES;
				EXECUTABLE_PREFIX = lib;
				PRODUCT_NAME = "$(TARGET_NAME)";
			};
			name = Debug;
		};
		1FCDE1F3161139AD00E1247C /* Release */ = {
			isa = XCBuildConfiguration;
			buildSettings = {
				COMBINE_HIDPI_IMAGES = YES;
				EXECUTABLE_PREFIX = lib;
				PRODUCT_NAME = "$(TARGET_NAME)";
			};
			name = Release;
		};
/* End XCBuildConfiguration section */

/* Begin XCConfigurationList section */
		1FCDE1E7161139AD00E1247C /* Build configuration list for PBXProject "waffle_cgl" */ = {
			isa = XCConfigurationList;
			buildConfigurations = (
				1FCDE1EF161139AD00E1247C /* Debug */,
				1FCDE1F0161139AD00E1247C /* Release */,
			);
			defaultConfigurationIsVisible = 0;
			defaultConfigurationName = Release;
		};
		1FCDE1F1161139AD00E1247C /* Build configuration list for PBXNativeTarget "waffle_cgl" */ = {
			isa = XCConfigurationList;
			buildConfigurations = (
				1FCDE1F2161139AD00E1247C /* Debug */,
				1FCDE1F3161139AD00E1247C /* Release */,
			);
			defaultConfigurationIsVisible = 0;
			defaultConfigurationName = Release;
		};
/* End XCConfigurationList section */
	};
	rootObject = 1FCDE1E4161139AD00E1247C /* Project object */;
}
